
Microsoft Visual Studio Solution File, Format Version 12.00
# Visual Studio Version 17
VisualStudioVersion = 17.1.32319.34
MinimumVisualStudioVersion = 10.0.40219.1
Project("{2150E333-8FDC-42A3-9474-1A3956D46DE8}") = "Node", "Node", "{DA5BCC96-39EC-4325-8383-DB4F79DE9878}"
EndProject
Project("{2150E333-8FDC-42A3-9474-1A3956D46DE8}") = "Utils", "Utils", "{93A93AB2-C8EF-4733-BFCB-6AE33F96F191}"
EndProject
Project("{2150E333-8FDC-42A3-9474-1A3956D46DE8}") = "CLI", "CLI", "{514F30B4-A15D-487B-AD54-81C2BCF87B83}"
EndProject
Project("{9A19103F-16F7-4668-BE54-9A1E7A4F7556}") = "Blockchain.Utils", "Blockchain.Utils\Blockchain.Utils.csproj", "{BEB1CDA9-C3FF-4E17-8BBB-83302D0EAD54}"
EndProject
Project("{2150E333-8FDC-42A3-9474-1A3956D46DE8}") = "Logic", "Logic", "{1CB6DC12-D2A0-4D59-A97D-B55F4E2B02DB}"
EndProject
Project("{9A19103F-16F7-4668-BE54-9A1E7A4F7556}") = "Blockchain.Node.Logic", "Blockchain.Node.Logic\Blockchain.Node.Logic.csproj", "{EC272D21-6329-4FA2-957F-4998EFB7DCA6}"
EndProject
Project("{2150E333-8FDC-42A3-9474-1A3956D46DE8}") = "Configuration", "Configuration", "{E6D93D7A-B40A-4705-8DB6-450432639776}"
EndProject
Project("{9A19103F-16F7-4668-BE54-9A1E7A4F7556}") = "Blockchain.Node.Configuration", "Blockchain.Node.Configuration\Blockchain.Node.Configuration.csproj", "{6CF908DF-66B1-4E6E-8F44-CFB6FA58EB39}"
EndProject
Project("{9A19103F-16F7-4668-BE54-9A1E7A4F7556}") = "Blockchain.Cryptography", "Blockchain.Cryptography\Blockchain.Cryptography.csproj", "{88F0DEC2-76C6-440B-BA65-9A58DB69027F}"
EndProject
Project("{2150E333-8FDC-42A3-9474-1A3956D46DE8}") = "Test", "Test", "{4ADB895F-88E7-4DFF-AB3D-20CE6AD30079}"
EndProject
Project("{9A19103F-16F7-4668-BE54-9A1E7A4F7556}") = "temp_test", "temp_test\temp_test.csproj", "{98D67309-BD3C-43A2-8D65-AD329ABF3EEB}"
EndProject
Project("{2150E333-8FDC-42A3-9474-1A3956D46DE8}") = "Network", "Network", "{DE84AA95-F3B4-4D10-94B1-B0F4B5A1474E}"
EndProject
Project("{9A19103F-16F7-4668-BE54-9A1E7A4F7556}") = "Blockchain.Networking", "Blockchain.Networking\Blockchain.Networking.csproj", "{7195E256-4FA4-4376-A9DF-CBCF157120AA}"
EndProject
Project("{9A19103F-16F7-4668-BE54-9A1E7A4F7556}") = "Blockchain.Node.CLI", "Blockchain.Node.Console\Blockchain.Node.CLI.csproj", "{CB94808D-A9A1-41B4-98F7-73A94F8A22AF}"
EndProject
Project("{2150E333-8FDC-42A3-9474-1A3956D46DE8}") = "Wallet", "Wallet", "{AD4C1893-F52D-4621-8F0D-322183D5B65B}"
EndProject
Global
	GlobalSection(SolutionConfigurationPlatforms) = preSolution
		Debug|Any CPU = Debug|Any CPU
		Release|Any CPU = Release|Any CPU
	EndGlobalSection
	GlobalSection(ProjectConfigurationPlatforms) = postSolution
		{BEB1CDA9-C3FF-4E17-8BBB-83302D0EAD54}.Debug|Any CPU.ActiveCfg = Debug|Any CPU
		{BEB1CDA9-C3FF-4E17-8BBB-83302D0EAD54}.Debug|Any CPU.Build.0 = Debug|Any CPU
		{BEB1CDA9-C3FF-4E17-8BBB-83302D0EAD54}.Release|Any CPU.ActiveCfg = Release|Any CPU
		{BEB1CDA9-C3FF-4E17-8BBB-83302D0EAD54}.Release|Any CPU.Build.0 = Release|Any CPU
		{EC272D21-6329-4FA2-957F-4998EFB7DCA6}.Debug|Any CPU.ActiveCfg = Debug|Any CPU
		{EC272D21-6329-4FA2-957F-4998EFB7DCA6}.Debug|Any CPU.Build.0 = Debug|Any CPU
		{EC272D21-6329-4FA2-957F-4998EFB7DCA6}.Release|Any CPU.ActiveCfg = Release|Any CPU
		{EC272D21-6329-4FA2-957F-4998EFB7DCA6}.Release|Any CPU.Build.0 = Release|Any CPU
		{6CF908DF-66B1-4E6E-8F44-CFB6FA58EB39}.Debug|Any CPU.ActiveCfg = Debug|Any CPU
		{6CF908DF-66B1-4E6E-8F44-CFB6FA58EB39}.Debug|Any CPU.Build.0 = Debug|Any CPU
		{6CF908DF-66B1-4E6E-8F44-CFB6FA58EB39}.Release|Any CPU.ActiveCfg = Release|Any CPU
		{6CF908DF-66B1-4E6E-8F44-CFB6FA58EB39}.Release|Any CPU.Build.0 = Release|Any CPU
		{88F0DEC2-76C6-440B-BA65-9A58DB69027F}.Debug|Any CPU.ActiveCfg = Debug|Any CPU
		{88F0DEC2-76C6-440B-BA65-9A58DB69027F}.Debug|Any CPU.Build.0 = Debug|Any CPU
		{88F0DEC2-76C6-440B-BA65-9A58DB69027F}.Release|Any CPU.ActiveCfg = Release|Any CPU
		{88F0DEC2-76C6-440B-BA65-9A58DB69027F}.Release|Any CPU.Build.0 = Release|Any CPU
		{98D67309-BD3C-43A2-8D65-AD329ABF3EEB}.Debug|Any CPU.ActiveCfg = Debug|Any CPU
		{98D67309-BD3C-43A2-8D65-AD329ABF3EEB}.Debug|Any CPU.Build.0 = Debug|Any CPU
		{98D67309-BD3C-43A2-8D65-AD329ABF3EEB}.Release|Any CPU.ActiveCfg = Release|Any CPU
		{98D67309-BD3C-43A2-8D65-AD329ABF3EEB}.Release|Any CPU.Build.0 = Release|Any CPU
		{7195E256-4FA4-4376-A9DF-CBCF157120AA}.Debug|Any CPU.ActiveCfg = Debug|Any CPU
		{7195E256-4FA4-4376-A9DF-CBCF157120AA}.Debug|Any CPU.Build.0 = Debug|Any CPU
		{7195E256-4FA4-4376-A9DF-CBCF157120AA}.Release|Any CPU.ActiveCfg = Release|Any CPU
		{7195E256-4FA4-4376-A9DF-CBCF157120AA}.Release|Any CPU.Build.0 = Release|Any CPU
		{CB94808D-A9A1-41B4-98F7-73A94F8A22AF}.Debug|Any CPU.ActiveCfg = Debug|Any CPU
		{CB94808D-A9A1-41B4-98F7-73A94F8A22AF}.Debug|Any CPU.Build.0 = Debug|Any CPU
		{CB94808D-A9A1-41B4-98F7-73A94F8A22AF}.Release|Any CPU.ActiveCfg = Release|Any CPU
		{CB94808D-A9A1-41B4-98F7-73A94F8A22AF}.Release|Any CPU.Build.0 = Release|Any CPU
	EndGlobalSection
	GlobalSection(SolutionProperties) = preSolution
		HideSolutionNode = FALSE
	EndGlobalSection
	GlobalSection(NestedProjects) = preSolution
		{514F30B4-A15D-487B-AD54-81C2BCF87B83} = {DA5BCC96-39EC-4325-8383-DB4F79DE9878}
		{BEB1CDA9-C3FF-4E17-8BBB-83302D0EAD54} = {93A93AB2-C8EF-4733-BFCB-6AE33F96F191}
		{1CB6DC12-D2A0-4D59-A97D-B55F4E2B02DB} = {DA5BCC96-39EC-4325-8383-DB4F79DE9878}
		{EC272D21-6329-4FA2-957F-4998EFB7DCA6} = {1CB6DC12-D2A0-4D59-A97D-B55F4E2B02DB}
		{E6D93D7A-B40A-4705-8DB6-450432639776} = {DA5BCC96-39EC-4325-8383-DB4F79DE9878}
		{6CF908DF-66B1-4E6E-8F44-CFB6FA58EB39} = {E6D93D7A-B40A-4705-8DB6-450432639776}
		{88F0DEC2-76C6-440B-BA65-9A58DB69027F} = {93A93AB2-C8EF-4733-BFCB-6AE33F96F191}
		{98D67309-BD3C-43A2-8D65-AD329ABF3EEB} = {4ADB895F-88E7-4DFF-AB3D-20CE6AD30079}
		{7195E256-4FA4-4376-A9DF-CBCF157120AA} = {DE84AA95-F3B4-4D10-94B1-B0F4B5A1474E}
		{CB94808D-A9A1-41B4-98F7-73A94F8A22AF} = {514F30B4-A15D-487B-AD54-81C2BCF87B83}
	EndGlobalSection
	GlobalSection(ExtensibilityGlobals) = postSolution
		SolutionGuid = {0408B0A2-E2C8-4AD4-ADEF-3D825F9EA8EA}
	EndGlobalSection
EndGlobal
